
Microsoft Visual Studio Solution File, Format Version 12.00
# Visual Studio Version 16
VisualStudioVersion = 16.0.29519.181
MinimumVisualStudioVersion = 10.0.40219.1
Project("{FAE04EC0-301F-11D3-BF4B-00C04F79EFBC}") = "VisualStudioDemo", "VisualStudioDemo\VisualStudioDemo.csproj", "{BEA2613C-4673-497D-8356-E3E84A70679E}"
EndProject
Global
	GlobalSection(SolutionConfigurationPlatforms) = preSolution
		Debug|Any CPU = Debug|Any CPU
		Release|Any CPU = Release|Any CPU
	EndGlobalSection
	GlobalSection(ProjectConfigurationPlatforms) = postSolution
		{BEA2613C-4673-497D-8356-E3E84A70679E}.Debug|Any CPU.ActiveCfg = Debug|Any CPU
		{BEA2613C-4673-497D-8356-E3E84A70679E}.Debug|Any CPU.Build.0 = Debug|Any CPU
		{BEA2613C-4673-497D-8356-E3E84A70679E}.Release|Any CPU.ActiveCfg = Release|Any CPU
		{BEA2613C-4673-497D-8356-E3E84A70679E}.Release|Any CPU.Build.0 = Release|Any CPU
	EndGlobalSection
	GlobalSection(SolutionProperties) = preSolution
		HideSolutionNode = FALSE
	EndGlobalSection
	GlobalSection(ExtensibilityGlobals) = postSolution
		SolutionGuid = {6C7E95B9-126C-485D-9253-E30C9CFB265D}
	EndGlobalSection
EndGlobal
